// !$*UTF8*$!
{
	archiveVersion = 1;
	classes = {
	};
	objectVersion = 46;
	objects = {

/* Begin PBXBuildFile section */
		04706DCA1B0694E100E5B32F /* AppDelegate.swift in Sources */ = {isa = PBXBuildFile; fileRef = 04706DC91B0694E100E5B32F /* AppDelegate.swift */; };
		04706DCF1B0694E100E5B32F /* Main.storyboard in Resources */ = {isa = PBXBuildFile; fileRef = 04706DCD1B0694E100E5B32F /* Main.storyboard */; };
		04706DD11B0694E100E5B32F /* Images.xcassets in Resources */ = {isa = PBXBuildFile; fileRef = 04706DD01B0694E100E5B32F /* Images.xcassets */; };
		04706DD41B0694E100E5B32F /* LaunchScreen.xib in Resources */ = {isa = PBXBuildFile; fileRef = 04706DD21B0694E100E5B32F /* LaunchScreen.xib */; };
		04706DE01B0694E100E5B32F /* Test1Tests.swift in Sources */ = {isa = PBXBuildFile; fileRef = 04706DDF1B0694E100E5B32F /* Test1Tests.swift */; };
		04706DEA1B06961500E5B32F /* LoginScreen.swift in Sources */ = {isa = PBXBuildFile; fileRef = 04706DE91B06961500E5B32F /* LoginScreen.swift */; };
		04706DEC1B069CBD00E5B32F /* MainView.swift in Sources */ = {isa = PBXBuildFile; fileRef = 04706DEB1B069CBD00E5B32F /* MainView.swift */; };
		04706DF01B06A11700E5B32F /* Dark Coffee.jpg in Resources */ = {isa = PBXBuildFile; fileRef = 04706DED1B06A11700E5B32F /* Dark Coffee.jpg */; };
		04706DF11B06A11700E5B32F /* Hot Tea.jpg in Resources */ = {isa = PBXBuildFile; fileRef = 04706DEE1B06A11700E5B32F /* Hot Tea.jpg */; };
		04706DF21B06A11700E5B32F /* Water.jpg in Resources */ = {isa = PBXBuildFile; fileRef = 04706DEF1B06A11700E5B32F /* Water.jpg */; };
/* End PBXBuildFile section */

/* Begin PBXContainerItemProxy section */
		04706DDA1B0694E100E5B32F /* PBXContainerItemProxy */ = {
			isa = PBXContainerItemProxy;
			containerPortal = 04706DBC1B0694E100E5B32F /* Project object */;
			proxyType = 1;
			remoteGlobalIDString = 04706DC31B0694E100E5B32F;
			remoteInfo = Test1;
		};
/* End PBXContainerItemProxy section */

/* Begin PBXFileReference section */
		04706DC41B0694E100E5B32F /* Test1.app */ = {isa = PBXFileReference; explicitFileType = wrapper.application; includeInIndex = 0; path = Test1.app; sourceTree = BUILT_PRODUCTS_DIR; };
		04706DC81B0694E100E5B32F /* Info.plist */ = {isa = PBXFileReference; lastKnownFileType = text.plist.xml; path = Info.plist; sourceTree = "<group>"; };
		04706DC91B0694E100E5B32F /* AppDelegate.swift */ = {isa = PBXFileReference; lastKnownFileType = sourcecode.swift; path = AppDelegate.swift; sourceTree = "<group>"; };
		04706DCE1B0694E100E5B32F /* Base */ = {isa = PBXFileReference; lastKnownFileType = file.storyboard; name = Base; path = Base.lproj/Main.storyboard; sourceTree = "<group>"; };
		04706DD01B0694E100E5B32F /* Images.xcassets */ = {isa = PBXFileReference; lastKnownFileType = folder.assetcatalog; path = Images.xcassets; sourceTree = "<group>"; };
		04706DD31B0694E100E5B32F /* Base */ = {isa = PBXFileReference; lastKnownFileType = file.xib; name = Base; path = Base.lproj/LaunchScreen.xib; sourceTree = "<group>"; };
		04706DD91B0694E100E5B32F /* Test1Tests.xctest */ = {isa = PBXFileReference; explicitFileType = wrapper.cfbundle; includeInIndex = 0; path = Test1Tests.xctest; sourceTree = BUILT_PRODUCTS_DIR; };
		04706DDE1B0694E100E5B32F /* Info.plist */ = {isa = PBXFileReference; lastKnownFileType = text.plist.xml; path = Info.plist; sourceTree = "<group>"; };
		04706DDF1B0694E100E5B32F /* Test1Tests.swift */ = {isa = PBXFileReference; lastKnownFileType = sourcecode.swift; path = Test1Tests.swift; sourceTree = "<group>"; };
		04706DE91B06961500E5B32F /* LoginScreen.swift */ = {isa = PBXFileReference; fileEncoding = 4; lastKnownFileType = sourcecode.swift; path = LoginScreen.swift; sourceTree = "<group>"; };
		04706DEB1B069CBD00E5B32F /* MainView.swift */ = {isa = PBXFileReference; fileEncoding = 4; lastKnownFileType = sourcecode.swift; path = MainView.swift; sourceTree = "<group>"; };
		04706DED1B06A11700E5B32F /* Dark Coffee.jpg */ = {isa = PBXFileReference; lastKnownFileType = image.jpeg; path = "Dark Coffee.jpg"; sourceTree = "<group>"; };
		04706DEE1B06A11700E5B32F /* Hot Tea.jpg */ = {isa = PBXFileReference; lastKnownFileType = image.jpeg; path = "Hot Tea.jpg"; sourceTree = "<group>"; };
		04706DEF1B06A11700E5B32F /* Water.jpg */ = {isa = PBXFileReference; lastKnownFileType = image.jpeg; path = Water.jpg; sourceTree = "<group>"; };
/* End PBXFileReference section */

/* Begin PBXFrameworksBuildPhase section */
		04706DC11B0694E100E5B32F /* Frameworks */ = {
			isa = PBXFrameworksBuildPhase;
			buildActionMask = 2147483647;
			files = (
			);
			runOnlyForDeploymentPostprocessing = 0;
		};
		04706DD61B0694E100E5B32F /* Frameworks */ = {
			isa = PBXFrameworksBuildPhase;
			buildActionMask = 2147483647;
			files = (
			);
			runOnlyForDeploymentPostprocessing = 0;
		};
/* End PBXFrameworksBuildPhase section */

/* Begin PBXGroup section */
		04706DBB1B0694E100E5B32F = {
			isa = PBXGroup;
			children = (
				04706DC61B0694E100E5B32F /* Test1 */,
				04706DDC1B0694E100E5B32F /* Test1Tests */,
				04706DC51B0694E100E5B32F /* Products */,
			);
			sourceTree = "<group>";
		};
		04706DC51B0694E100E5B32F /* Products */ = {
			isa = PBXGroup;
			children = (
				04706DC41B0694E100E5B32F /* Test1.app */,
				04706DD91B0694E100E5B32F /* Test1Tests.xctest */,
			);
			name = Products;
			sourceTree = "<group>";
		};
		04706DC61B0694E100E5B32F /* Test1 */ = {
			isa = PBXGroup;
			children = (
				04706DC91B0694E100E5B32F /* AppDelegate.swift */,
				04706DCD1B0694E100E5B32F /* Main.storyboard */,
				04706DEB1B069CBD00E5B32F /* MainView.swift */,
				04706DE91B06961500E5B32F /* LoginScreen.swift */,
				04706DD01B0694E100E5B32F /* Images.xcassets */,
				04706DED1B06A11700E5B32F /* Dark Coffee.jpg */,
				04706DEE1B06A11700E5B32F /* Hot Tea.jpg */,
				04706DEF1B06A11700E5B32F /* Water.jpg */,
				04706DD21B0694E100E5B32F /* LaunchScreen.xib */,
				04706DC71B0694E100E5B32F /* Supporting Files */,
			);
			path = Test1;
			sourceTree = "<group>";
		};
		04706DC71B0694E100E5B32F /* Supporting Files */ = {
			isa = PBXGroup;
			children = (
				04706DC81B0694E100E5B32F /* Info.plist */,
			);
			name = "Supporting Files";
			sourceTree = "<group>";
		};
		04706DDC1B0694E100E5B32F /* Test1Tests */ = {
			isa = PBXGroup;
			children = (
				04706DDF1B0694E100E5B32F /* Test1Tests.swift */,
				04706DDD1B0694E100E5B32F /* Supporting Files */,
			);
			path = Test1Tests;
			sourceTree = "<group>";
		};
		04706DDD1B0694E100E5B32F /* Supporting Files */ = {
			isa = PBXGroup;
			children = (
				04706DDE1B0694E100E5B32F /* Info.plist */,
			);
			name = "Supporting Files";
			sourceTree = "<group>";
		};
/* End PBXGroup section */

/* Begin PBXNativeTarget section */
		04706DC31B0694E100E5B32F /* Test1 */ = {
			isa = PBXNativeTarget;
			buildConfigurationList = 04706DE31B0694E100E5B32F /* Build configuration list for PBXNativeTarget "Test1" */;
			buildPhases = (
				04706DC01B0694E100E5B32F /* Sources */,
				04706DC11B0694E100E5B32F /* Frameworks */,
				04706DC21B0694E100E5B32F /* Resources */,
			);
			buildRules = (
			);
			dependencies = (
			);
			name = Test1;
			productName = Test1;
			productReference = 04706DC41B0694E100E5B32F /* Test1.app */;
			productType = "com.apple.product-type.application";
		};
		04706DD81B0694E100E5B32F /* Test1Tests */ = {
			isa = PBXNativeTarget;
			buildConfigurationList = 04706DE61B0694E100E5B32F /* Build configuration list for PBXNativeTarget "Test1Tests" */;
			buildPhases = (
				04706DD51B0694E100E5B32F /* Sources */,
				04706DD61B0694E100E5B32F /* Frameworks */,
				04706DD71B0694E100E5B32F /* Resources */,
			);
			buildRules = (
			);
			dependencies = (
				04706DDB1B0694E100E5B32F /* PBXTargetDependency */,
			);
			name = Test1Tests;
			productName = Test1Tests;
			productReference = 04706DD91B0694E100E5B32F /* Test1Tests.xctest */;
			productType = "com.apple.product-type.bundle.unit-test";
		};
/* End PBXNativeTarget section */

/* Begin PBXProject section */
		04706DBC1B0694E100E5B32F /* Project object */ = {
			isa = PBXProject;
			attributes = {
				LastUpgradeCheck = 0610;
				ORGANIZATIONNAME = E;
				TargetAttributes = {
					04706DC31B0694E100E5B32F = {
						CreatedOnToolsVersion = 6.1.1;
					};
					04706DD81B0694E100E5B32F = {
						CreatedOnToolsVersion = 6.1.1;
						TestTargetID = 04706DC31B0694E100E5B32F;
					};
				};
			};
			buildConfigurationList = 04706DBF1B0694E100E5B32F /* Build configuration list for PBXProject "Test1" */;
			compatibilityVersion = "Xcode 3.2";
			developmentRegion = English;
			hasScannedForEncodings = 0;
			knownRegions = (
				en,
				Base,
			);
			mainGroup = 04706DBB1B0694E100E5B32F;
			productRefGroup = 04706DC51B0694E100E5B32F /* Products */;
			projectDirPath = "";
			projectRoot = "";
			targets = (
				04706DC31B0694E100E5B32F /* Test1 */,
				04706DD81B0694E100E5B32F /* Test1Tests */,
			);
		};
/* End PBXProject section */

/* Begin PBXResourcesBuildPhase section */
		04706DC21B0694E100E5B32F /* Resources */ = {
			isa = PBXResourcesBuildPhase;
			buildActionMask = 2147483647;
			files = (
				04706DF01B06A11700E5B32F /* Dark Coffee.jpg in Resources */,
				04706DF11B06A11700E5B32F /* Hot Tea.jpg in Resources */,
				04706DCF1B0694E100E5B32F /* Main.storyboard in Resources */,
				04706DF21B06A11700E5B32F /* Water.jpg in Resources */,
				04706DD41B0694E100E5B32F /* LaunchScreen.xib in Resources */,
				04706DD11B0694E100E5B32F /* Images.xcassets in Resources */,
			);
			runOnlyForDeploymentPostprocessing = 0;
		};
		04706DD71B0694E100E5B32F /* Resources */ = {
			isa = PBXResourcesBuildPhase;
			buildActionMask = 2147483647;
			files = (
			);
			runOnlyForDeploymentPostprocessing = 0;
		};
/* End PBXResourcesBuildPhase section */

/* Begin PBXSourcesBuildPhase section */
		04706DC01B0694E100E5B32F /* Sources */ = {
			isa = PBXSourcesBuildPhase;
			buildActionMask = 2147483647;
			files = (
				04706DCA1B0694E100E5B32F /* AppDelegate.swift in Sources */,
				04706DEC1B069CBD00E5B32F /* MainView.swift in Sources */,
				04706DEA1B06961500E5B32F /* LoginScreen.swift in Sources */,
			);
			runOnlyForDeploymentPostprocessing = 0;
		};
		04706DD51B0694E100E5B32F /* Sources */ = {
			isa = PBXSourcesBuildPhase;
			buildActionMask = 2147483647;
			files = (
				04706DE01B0694E100E5B32F /* Test1Tests.swift in Sources */,
			);
			runOnlyForDeploymentPostprocessing = 0;
		};
/* End PBXSourcesBuildPhase section */

/* Begin PBXTargetDependency section */
		04706DDB1B0694E100E5B32F /* PBXTargetDependency */ = {
			isa = PBXTargetDependency;
			target = 04706DC31B0694E100E5B32F /* Test1 */;
			targetProxy = 04706DDA1B0694E100E5B32F /* PBXContainerItemProxy */;
		};
/* End PBXTargetDependency section */

/* Begin PBXVariantGroup section */
		04706DCD1B0694E100E5B32F /* Main.storyboard */ = {
			isa = PBXVariantGroup;
			children = (
				04706DCE1B0694E100E5B32F /* Base */,
			);
			name = Main.storyboard;
			sourceTree = "<group>";
		};
		04706DD21B0694E100E5B32F /* LaunchScreen.xib */ = {
			isa = PBXVariantGroup;
			children = (
				04706DD31B0694E100E5B32F /* Base */,
			);
			name = LaunchScreen.xib;
			sourceTree = "<group>";
		};
/* End PBXVariantGroup section */

/* Begin XCBuildConfiguration section */
		04706DE11B0694E100E5B32F /* Debug */ = {
			isa = XCBuildConfiguration;
			buildSettings = {
				ALWAYS_SEARCH_USER_PATHS = NO;
				CLANG_CXX_LANGUAGE_STANDARD = "gnu++0x";
				CLANG_CXX_LIBRARY = "libc++";
				CLANG_ENABLE_MODULES = YES;
				CLANG_ENABLE_OBJC_ARC = YES;
				CLANG_WARN_BOOL_CONVERSION = YES;
				CLANG_WARN_CONSTANT_CONVERSION = YES;
				CLANG_WARN_DIRECT_OBJC_ISA_USAGE = YES_ERROR;
				CLANG_WARN_EMPTY_BODY = YES;
				CLANG_WARN_ENUM_CONVERSION = YES;
				CLANG_WARN_INT_CONVERSION = YES;
				CLANG_WARN_OBJC_ROOT_CLASS = YES_ERROR;
				CLANG_WARN_UNREACHABLE_CODE = YES;
				CLANG_WARN__DUPLICATE_METHOD_MATCH = YES;
				"CODE_SIGN_IDENTITY[sdk=iphoneos*]" = "iPhone Developer";
				COPY_PHASE_STRIP = NO;
				ENABLE_STRICT_OBJC_MSGSEND = YES;
				GCC_C_LANGUAGE_STANDARD = gnu99;
				GCC_DYNAMIC_NO_PIC = NO;
				GCC_OPTIMIZATION_LEVEL = 0;
				GCC_PREPROCESSOR_DEFINITIONS = (
					"DEBUG=1",
					"$(inherited)",
				);
				GCC_SYMBOLS_PRIVATE_EXTERN = NO;
				GCC_WARN_64_TO_32_BIT_CONVERSION = YES;
				GCC_WARN_ABOUT_RETURN_TYPE = YES_ERROR;
				GCC_WARN_UNDECLARED_SELECTOR = YES;
				GCC_WARN_UNINITIALIZED_AUTOS = YES_AGGRESSIVE;
				GCC_WARN_UNUSED_FUNCTION = YES;
				GCC_WARN_UNUSED_VARIABLE = YES;
				IPHONEOS_DEPLOYMENT_TARGET = 8.1;
				MTL_ENABLE_DEBUG_INFO = YES;
				ONLY_ACTIVE_ARCH = YES;
				SDKROOT = iphoneos;
				SWIFT_OPTIMIZATION_LEVEL = "-Onone";
			};
			name = Debug;
		};
		04706DE21B0694E100E5B32F /* Release */ = {
			isa = XCBuildConfiguration;
			buildSettings = {
				ALWAYS_SEARCH_USER_PATHS = NO;
				CLANG_CXX_LANGUAGE_STANDARD = "gnu++0x";
				CLANG_CXX_LIBRARY = "libc++";
				CLANG_ENABLE_MODULES = YES;
				CLANG_ENABLE_OBJC_ARC = YES;
				CLANG_WARN_BOOL_CONVERSION = YES;
				CLANG_WARN_CONSTANT_CONVERSION = YES;
				CLANG_WARN_DIRECT_OBJC_ISA_USAGE = YES_ERROR;
				CLANG_WARN_EMPTY_BODY = YES;
				CLANG_WARN_ENUM_CONVERSION = YES;
				CLANG_WARN_INT_CONVERSION = YES;
				CLANG_WARN_OBJC_ROOT_CLASS = YES_ERROR;
				CLANG_WARN_UNREACHABLE_CODE = YES;
				CLANG_WARN__DUPLICATE_METHOD_MATCH = YES;
				"CODE_SIGN_IDENTITY[sdk=iphoneos*]" = "iPhone Developer";
				COPY_PHASE_STRIP = YES;
				ENABLE_NS_ASSERTIONS = NO;
				ENABLE_STRICT_OBJC_MSGSEND = YES;
				GCC_C_LANGUAGE_STANDARD = gnu99;
				GCC_WARN_64_TO_32_BIT_CONVERSION = YES;
				GCC_WARN_ABOUT_RETURN_TYPE = YES_ERROR;
				GCC_WARN_UNDECLARED_SELECTOR = YES;
				GCC_WARN_UNINITIALIZED_AUTOS = YES_AGGRESSIVE;
				GCC_WARN_UNUSED_FUNCTION = YES;
				GCC_WARN_UNUSED_VARIABLE = YES;
				IPHONEOS_DEPLOYMENT_TARGET = 8.1;
				MTL_ENABLE_DEBUG_INFO = NO;
				SDKROOT = iphoneos;
				VALIDATE_PRODUCT = YES;
			};
			name = Release;
		};
		04706DE41B0694E100E5B32F /* Debug */ = {
			isa = XCBuildConfiguration;
			buildSettings = {
				ASSETCATALOG_COMPILER_APPICON_NAME = AppIcon;
				INFOPLIST_FILE = Test1/Info.plist;
				LD_RUNPATH_SEARCH_PATHS = "$(inherited) @executable_path/Frameworks";
				PRODUCT_NAME = "$(TARGET_NAME)";
			};
			name = Debug;
		};
		04706DE51B0694E100E5B32F /* Release */ = {
			isa = XCBuildConfiguration;
			buildSettings = {
				ASSETCATALOG_COMPILER_APPICON_NAME = AppIcon;
				INFOPLIST_FILE = Test1/Info.plist;
				LD_RUNPATH_SEARCH_PATHS = "$(inherited) @executable_path/Frameworks";
				PRODUCT_NAME = "$(TARGET_NAME)";
			};
			name = Release;
		};
		04706DE71B0694E100E5B32F /* Debug */ = {
			isa = XCBuildConfiguration;
			buildSettings = {
				BUNDLE_LOADER = "$(TEST_HOST)";
				FRAMEWORK_SEARCH_PATHS = (
					"$(SDKROOT)/Developer/Library/Frameworks",
					"$(inherited)",
				);
				GCC_PREPROCESSOR_DEFINITIONS = (
					"DEBUG=1",
					"$(inherited)",
				);
				INFOPLIST_FILE = Test1Tests/Info.plist;
				LD_RUNPATH_SEARCH_PATHS = "$(inherited) @executable_path/Frameworks @loader_path/Frameworks";
				PRODUCT_NAME = "$(TARGET_NAME)";
				TEST_HOST = "$(BUILT_PRODUCTS_DIR)/Test1.app/Test1";
			};
			name = Debug;
		};
		04706DE81B0694E100E5B32F /* Release */ = {
			isa = XCBuildConfiguration;
			buildSettings = {
				BUNDLE_LOADER = "$(TEST_HOST)";
				FRAMEWORK_SEARCH_PATHS = (
					"$(SDKROOT)/Developer/Library/Frameworks",
					"$(inherited)",
				);
				INFOPLIST_FILE = Test1Tests/Info.plist;
				LD_RUNPATH_SEARCH_PATHS = "$(inherited) @executable_path/Frameworks @loader_path/Frameworks";
				PRODUCT_NAME = "$(TARGET_NAME)";
				TEST_HOST = "$(BUILT_PRODUCTS_DIR)/Test1.app/Test1";
			};
			name = Release;
		};
/* End XCBuildConfiguration section */

/* Begin XCConfigurationList section */
		04706DBF1B0694E100E5B32F /* Build configuration list for PBXProject "Test1" */ = {
			isa = XCConfigurationList;
			buildConfigurations = (
				04706DE11B0694E100E5B32F /* Debug */,
				04706DE21B0694E100E5B32F /* Release */,
			);
			defaultConfigurationIsVisible = 0;
			defaultConfigurationName = Release;
		};
		04706DE31B0694E100E5B32F /* Build configuration list for PBXNativeTarget "Test1" */ = {
			isa = XCConfigurationList;
			buildConfigurations = (
				04706DE41B0694E100E5B32F /* Debug */,
				04706DE51B0694E100E5B32F /* Release */,
			);
			defaultConfigurationIsVisible = 0;
		};
		04706DE61B0694E100E5B32F /* Build configuration list for PBXNativeTarget "Test1Tests" */ = {
			isa = XCConfigurationList;
			buildConfigurations = (
				04706DE71B0694E100E5B32F /* Debug */,
				04706DE81B0694E100E5B32F /* Release */,
			);
			defaultConfigurationIsVisible = 0;
		};
/* End XCConfigurationList section */
	};
	rootObject = 04706DBC1B0694E100E5B32F /* Project object */;
}
